
Microsoft Visual Studio Solution File, Format Version 12.00
# Visual Studio Version 17
VisualStudioVersion = 17.10.35122.118
MinimumVisualStudioVersion = 10.0.40219.1
Project("{FAE04EC0-301F-11D3-BF4B-00C04F79EFBC}") = "HelloWorld_Sakiestewa_Santino", "HelloWorld_Sakiestewa_Santino.csproj", "{A9BBAE61-09BA-4F8F-BA50-031AB020204E}"
EndProject
Global
	GlobalSection(SolutionConfigurationPlatforms) = preSolution
		Debug|Any CPU = Debug|Any CPU
		Release|Any CPU = Release|Any CPU
	EndGlobalSection
	GlobalSection(ProjectConfigurationPlatforms) = postSolution
		{A9BBAE61-09BA-4F8F-BA50-031AB020204E}.Debug|Any CPU.ActiveCfg = Debug|Any CPU
		{A9BBAE61-09BA-4F8F-BA50-031AB020204E}.Debug|Any CPU.Build.0 = Debug|Any CPU
		{A9BBAE61-09BA-4F8F-BA50-031AB020204E}.Release|Any CPU.ActiveCfg = Release|Any CPU
		{A9BBAE61-09BA-4F8F-BA50-031AB020204E}.Release|Any CPU.Build.0 = Release|Any CPU
	EndGlobalSection
	GlobalSection(SolutionProperties) = preSolution
		HideSolutionNode = FALSE
	EndGlobalSection
	GlobalSection(ExtensibilityGlobals) = postSolution
		SolutionGuid = {5C46BA33-5B31-4ADA-8FB7-8ECC2E9E4BDE}
	EndGlobalSection
EndGlobal
